<?xml version="1.0" encoding="utf-8"?>
<Project ToolsVersion="4.0" xmlns="http://schemas.microsoft.com/developer/msbuild/2003">
  <ItemGroup>
    <Filter Include="Source Files">
      <UniqueIdentifier>{81d260c7-8de2-490b-97ca-390e79cff7a5}</UniqueIdentifier>
      <Extensions>cpp;c;cxx;rc;def;r;odl;idl;hpj;bat</Extensions>
    </Filter>
    <Filter Include="Header Files">
      <UniqueIdentifier>{13800a20-cba7-4ebc-a3fb-5ad60510f4a5}</UniqueIdentifier>
      <Extensions>h;hpp;hxx;hm;inl</Extensions>
    </Filter>
    <Filter Include="Resource Files">
      <UniqueIdentifier>{8916ec52-c78f-4d73-9873-5477ac1b232e}</UniqueIdentifier>
      <Extensions>ico;cur;bmp;dlg;rc2;rct;bin;rgs;gif;jpg;jpeg;jpe</Extensions>
    </Filter>
    <Filter Include="zlib Source Files">
      <UniqueIdentifier>{fcaac6b2-d91b-4f13-8b1a-ddbb38cdfb99}</UniqueIdentifier>
    </Filter>
  </ItemGroup>
  <ItemGroup>
    <ClCompile Include="..\..\png.c">
      <Filter>Source Files</Filter>
    </ClCompile>
    <ClCompile Include="..\..\pngerror.c">
      <Filter>Source Files</Filter>
    </ClCompile>
    <ClCompile Include="..\..\pngget.c">
      <Filter>Source Files</Filter>
    </ClCompile>
    <ClCompile Include="..\..\pngmem.c">
      <Filter>Source Files</Filter>
    </ClCompile>
    <ClCompile Include="..\..\pngpread.c">
      <Filter>Source Files</Filter>
    </ClCompile>
    <ClCompile Include="..\..\pngread.c">
      <Filter>Source Files</Filter>
    </ClCompile>
    <ClCompile Include="..\..\pngrio.c">
      <Filter>Source Files</Filter>
    </ClCompile>
    <ClCompile Include="..\..\pngrtran.c">
      <Filter>Source Files</Filter>
    </ClCompile>
    <ClCompile Include="..\..\pngrutil.c">
      <Filter>Source Files</Filter>
    </ClCompile>
    <ClCompile Include="..\..\pngset.c">
      <Filter>Source Files</Filter>
    </ClCompile>
    <ClCompile Include="..\..\pngtrans.c">
      <Filter>Source Files</Filter>
    </ClCompile>
    <ClCompile Include="..\..\pngwio.c">
      <Filter>Source Files</Filter>
    </ClCompile>
    <ClCompile Include="..\..\pngwrite.c">
      <Filter>Source Files</Filter>
    </ClCompile>
    <ClCompile Include="..\..\pngwtran.c">
      <Filter>Source Files</Filter>
    </ClCompile>
    <ClCompile Include="..\..\pngwutil.c">
      <Filter>Source Files</Filter>
    </ClCompile>
    <ClCompile Include="..\..\zlib\adler32.c">
      <Filter>zlib Source Files</Filter>
    </ClCompile>
    <ClCompile Include="..\..\zlib\compress.c">
      <Filter>zlib Source Files</Filter>
    </ClCompile>
    <ClCompile Include="..\..\zlib\crc32.c">
      <Filter>zlib Source Files</Filter>
    </ClCompile>
    <ClCompile Include="..\..\zlib\deflate.c">
      <Filter>zlib Source Files</Filter>
    </ClCompile>
    <ClCompile Include="..\..\zlib\gzclose.c">
      <Filter>zlib Source Files</Filter>
    </ClCompile>
    <ClCompile Include="..\..\zlib\gzlib.c">
      <Filter>zlib Source Files</Filter>
    </ClCompile>
    <ClCompile Include="..\..\zlib\gzread.c">
      <Filter>zlib Source Files</Filter>
    </ClCompile>
    <ClCompile Include="..\..\zlib\gzwrite.c">
      <Filter>zlib Source Files</Filter>
    </ClCompile>
    <ClCompile Include="..\..\zlib\infback.c">
      <Filter>zlib Source Files</Filter>
    </ClCompile>
    <ClCompile Include="..\..\zlib\contrib\masmx64\inffas8664.c">
      <Filter>zlib Source Files</Filter>
    </ClCompile>
    <ClCompile Include="..\..\zlib\inffast.c">
      <Filter>zlib Source Files</Filter>
    </ClCompile>
    <ClCompile Include="..\..\zlib\inflate.c">
      <Filter>zlib Source Files</Filter>
    </ClCompile>
    <ClCompile Include="..\..\zlib\inftrees.c">
      <Filter>zlib Source Files</Filter>
    </ClCompile>
    <ClCompile Include="..\..\zlib\contrib\minizip\ioapi.c">
      <Filter>zlib Source Files</Filter>
    </ClCompile>
    <ClCompile Include="..\..\zlib\trees.c">
      <Filter>zlib Source Files</Filter>
    </ClCompile>
    <ClCompile Include="..\..\zlib\uncompr.c">
      <Filter>zlib Source Files</Filter>
    </ClCompile>
    <ClCompile Include="..\..\zlib\contrib\minizip\unzip.c">
      <Filter>zlib Source Files</Filter>
    </ClCompile>
    <ClCompile Include="..\..\zlib\contrib\minizip\zip.c">
      <Filter>zlib Source Files</Filter>
    </ClCompile>
    <ClCompile Include="..\..\zlib\zutil.c">
      <Filter>zlib Source Files</Filter>
    </ClCompile>
  </ItemGroup>
  <ItemGroup>
    <ClInclude Include="..\..\png.h">
      <Filter>Header Files</Filter>
    </ClInclude>
    <ClInclude Include="..\..\pngconf.h">
      <Filter>Header Files</Filter>
    </ClInclude>
    <ClInclude Include="..\..\pngpriv.h">
      <Filter>Header Files</Filter>
    </ClInclude>
    <ClInclude Include="..\..\zlib\gzguts.h">
      <Filter>zlib Source Files</Filter>
    </ClInclude>
  </ItemGroup>
  <ItemGroup>
    <ResourceCompile Include="..\..\scripts\pngwin.rc">
      <Filter>Resource Files</Filter>
    </ResourceCompile>
    <ResourceCompile Include="..\..\zlib\contrib\vstudio\vc9\zlib.rc">
      <Filter>zlib Source Files</Filter>
    </ResourceCompile>
  </ItemGroup>
  <ItemGroup>
    <None Include="..\..\zlib\contrib\vstudio\vc9\zlibvc.def">
      <Filter>zlib Source Files</Filter>
    </None>
  </ItemGroup>
  <ItemGroup>
    <Text Include="README.txt" />
  </ItemGroup>
</Project>